
Microsoft Visual Studio Solution File, Format Version 12.00
# Visual Studio Version 17
VisualStudioVersion = 17.0.31903.59
MinimumVisualStudioVersion = 10.0.40219.1
Project("{2150E333-8FDC-42A3-9474-1A3956D46DE8}") = "src", "src", "{827E0CD3-B72D-47B6-A68D-7590B98EB39B}"
EndProject
Project("{FAE04EC0-301F-11D3-BF4B-00C04F79EFBC}") = "FinancialStatementAI.Domain", "src\FinancialStatementAI.Domain\FinancialStatementAI.Domain.csproj", "{AD0A7701-42CB-4EA5-863E-6BF0131C1304}"
EndProject
Project("{FAE04EC0-301F-11D3-BF4B-00C04F79EFBC}") = "FinancialStatementAI.Application", "src\FinancialStatementAI.Application\FinancialStatementAI.Application.csproj", "{0E03698E-D516-46B8-BCB9-DBFF40803169}"
EndProject
Project("{FAE04EC0-301F-11D3-BF4B-00C04F79EFBC}") = "FinancialStatementAI.Infrastructure", "src\FinancialStatementAI.Infrastructure\FinancialStatementAI.Infrastructure.csproj", "{6A043ABC-C506-4E51-B082-FDF896F25E71}"
EndProject
Project("{FAE04EC0-301F-11D3-BF4B-00C04F79EFBC}") = "FinancialStatementAI.Api", "src\FinancialStatementAI.Api\FinancialStatementAI.Api.csproj", "{3FC741E4-79EC-4BF5-B0AA-2A0D04FA8B20}"
EndProject
Project("{FAE04EC0-301F-11D3-BF4B-00C04F79EFBC}") = "FinancialStatementAI.Worker", "src\FinancialStatementAI.Worker\FinancialStatementAI.Worker.csproj", "{14FE8FF2-D38D-45A6-8D1C-937B7732BBC9}"
EndProject
Project("{2150E333-8FDC-42A3-9474-1A3956D46DE8}") = "tests", "tests", "{0AB3BF05-4346-4AA6-1389-037BE0695223}"
EndProject
Project("{FAE04EC0-301F-11D3-BF4B-00C04F79EFBC}") = "FinancialStatementAI.UnitTests", "tests\FinancialStatementAI.UnitTests\FinancialStatementAI.UnitTests.csproj", "{14D93A11-5AA6-4857-91D4-F400ADCEEB19}"
EndProject
Project("{FAE04EC0-301F-11D3-BF4B-00C04F79EFBC}") = "FinancialStatementAI.IntegrationTests", "tests\FinancialStatementAI.IntegrationTests\FinancialStatementAI.IntegrationTests.csproj", "{FFCB1DF3-4B64-4760-9BD3-0495A86FC157}"
EndProject
Project("{2150E333-8FDC-42A3-9474-1A3956D46DE8}") = "frontend", "frontend", "{A957960D-03DB-433F-A1C6-3996567CB9FD}"
EndProject
Project("{54A90642-561A-4BB1-A94E-469ADEE60C69}") = "FinancialStatementAI.Web", "frontend\FinancialStatementAI.Web\FinancialStatementAI.Web.esproj", "{3D812A66-0B9F-4DBC-B01B-93AF118B4FCB}"
EndProject
Global
	GlobalSection(SolutionConfigurationPlatforms) = preSolution
		Debug|Any CPU = Debug|Any CPU
		Debug|x64 = Debug|x64
		Debug|x86 = Debug|x86
		Release|Any CPU = Release|Any CPU
		Release|x64 = Release|x64
		Release|x86 = Release|x86
	EndGlobalSection
	GlobalSection(ProjectConfigurationPlatforms) = postSolution
		{AD0A7701-42CB-4EA5-863E-6BF0131C1304}.Debug|Any CPU.ActiveCfg = Debug|Any CPU
		{AD0A7701-42CB-4EA5-863E-6BF0131C1304}.Debug|Any CPU.Build.0 = Debug|Any CPU
		{AD0A7701-42CB-4EA5-863E-6BF0131C1304}.Debug|x64.ActiveCfg = Debug|Any CPU
		{AD0A7701-42CB-4EA5-863E-6BF0131C1304}.Debug|x64.Build.0 = Debug|Any CPU
		{AD0A7701-42CB-4EA5-863E-6BF0131C1304}.Debug|x86.ActiveCfg = Debug|Any CPU
		{AD0A7701-42CB-4EA5-863E-6BF0131C1304}.Debug|x86.Build.0 = Debug|Any CPU
		{AD0A7701-42CB-4EA5-863E-6BF0131C1304}.Release|Any CPU.ActiveCfg = Release|Any CPU
		{AD0A7701-42CB-4EA5-863E-6BF0131C1304}.Release|Any CPU.Build.0 = Release|Any CPU
		{AD0A7701-42CB-4EA5-863E-6BF0131C1304}.Release|x64.ActiveCfg = Release|Any CPU
		{AD0A7701-42CB-4EA5-863E-6BF0131C1304}.Release|x64.Build.0 = Release|Any CPU
		{AD0A7701-42CB-4EA5-863E-6BF0131C1304}.Release|x86.ActiveCfg = Release|Any CPU
		{AD0A7701-42CB-4EA5-863E-6BF0131C1304}.Release|x86.Build.0 = Release|Any CPU
		{0E03698E-D516-46B8-BCB9-DBFF40803169}.Debug|Any CPU.ActiveCfg = Debug|Any CPU
		{0E03698E-D516-46B8-BCB9-DBFF40803169}.Debug|Any CPU.Build.0 = Debug|Any CPU
		{0E03698E-D516-46B8-BCB9-DBFF40803169}.Debug|x64.ActiveCfg = Debug|Any CPU
		{0E03698E-D516-46B8-BCB9-DBFF40803169}.Debug|x64.Build.0 = Debug|Any CPU
		{0E03698E-D516-46B8-BCB9-DBFF40803169}.Debug|x86.ActiveCfg = Debug|Any CPU
		{0E03698E-D516-46B8-BCB9-DBFF40803169}.Debug|x86.Build.0 = Debug|Any CPU
		{0E03698E-D516-46B8-BCB9-DBFF40803169}.Release|Any CPU.ActiveCfg = Release|Any CPU
		{0E03698E-D516-46B8-BCB9-DBFF40803169}.Release|Any CPU.Build.0 = Release|Any CPU
		{0E03698E-D516-46B8-BCB9-DBFF40803169}.Release|x64.ActiveCfg = Release|Any CPU
		{0E03698E-D516-46B8-BCB9-DBFF40803169}.Release|x64.Build.0 = Release|Any CPU
		{0E03698E-D516-46B8-BCB9-DBFF40803169}.Release|x86.ActiveCfg = Release|Any CPU
		{0E03698E-D516-46B8-BCB9-DBFF40803169}.Release|x86.Build.0 = Release|Any CPU
		{6A043ABC-C506-4E51-B082-FDF896F25E71}.Debug|Any CPU.ActiveCfg = Debug|Any CPU
		{6A043ABC-C506-4E51-B082-FDF896F25E71}.Debug|Any CPU.Build.0 = Debug|Any CPU
		{6A043ABC-C506-4E51-B082-FDF896F25E71}.Debug|x64.ActiveCfg = Debug|Any CPU
		{6A043ABC-C506-4E51-B082-FDF896F25E71}.Debug|x64.Build.0 = Debug|Any CPU
		{6A043ABC-C506-4E51-B082-FDF896F25E71}.Debug|x86.ActiveCfg = Debug|Any CPU
		{6A043ABC-C506-4E51-B082-FDF896F25E71}.Debug|x86.Build.0 = Debug|Any CPU
		{6A043ABC-C506-4E51-B082-FDF896F25E71}.Release|Any CPU.ActiveCfg = Release|Any CPU
		{6A043ABC-C506-4E51-B082-FDF896F25E71}.Release|Any CPU.Build.0 = Release|Any CPU
		{6A043ABC-C506-4E51-B082-FDF896F25E71}.Release|x64.ActiveCfg = Release|Any CPU
		{6A043ABC-C506-4E51-B082-FDF896F25E71}.Release|x64.Build.0 = Release|Any CPU
		{6A043ABC-C506-4E51-B082-FDF896F25E71}.Release|x86.ActiveCfg = Release|Any CPU
		{6A043ABC-C506-4E51-B082-FDF896F25E71}.Release|x86.Build.0 = Release|Any CPU
		{3FC741E4-79EC-4BF5-B0AA-2A0D04FA8B20}.Debug|Any CPU.ActiveCfg = Debug|Any CPU
		{3FC741E4-79EC-4BF5-B0AA-2A0D04FA8B20}.Debug|Any CPU.Build.0 = Debug|Any CPU
		{3FC741E4-79EC-4BF5-B0AA-2A0D04FA8B20}.Debug|x64.ActiveCfg = Debug|Any CPU
		{3FC741E4-79EC-4BF5-B0AA-2A0D04FA8B20}.Debug|x64.Build.0 = Debug|Any CPU
		{3FC741E4-79EC-4BF5-B0AA-2A0D04FA8B20}.Debug|x86.ActiveCfg = Debug|Any CPU
		{3FC741E4-79EC-4BF5-B0AA-2A0D04FA8B20}.Debug|x86.Build.0 = Debug|Any CPU
		{3FC741E4-79EC-4BF5-B0AA-2A0D04FA8B20}.Release|Any CPU.ActiveCfg = Release|Any CPU
		{3FC741E4-79EC-4BF5-B0AA-2A0D04FA8B20}.Release|Any CPU.Build.0 = Release|Any CPU
		{3FC741E4-79EC-4BF5-B0AA-2A0D04FA8B20}.Release|x64.ActiveCfg = Release|Any CPU
		{3FC741E4-79EC-4BF5-B0AA-2A0D04FA8B20}.Release|x64.Build.0 = Release|Any CPU
		{3FC741E4-79EC-4BF5-B0AA-2A0D04FA8B20}.Release|x86.ActiveCfg = Release|Any CPU
		{3FC741E4-79EC-4BF5-B0AA-2A0D04FA8B20}.Release|x86.Build.0 = Release|Any CPU
		{14FE8FF2-D38D-45A6-8D1C-937B7732BBC9}.Debug|Any CPU.ActiveCfg = Debug|Any CPU
		{14FE8FF2-D38D-45A6-8D1C-937B7732BBC9}.Debug|Any CPU.Build.0 = Debug|Any CPU
		{14FE8FF2-D38D-45A6-8D1C-937B7732BBC9}.Debug|x64.ActiveCfg = Debug|Any CPU
		{14FE8FF2-D38D-45A6-8D1C-937B7732BBC9}.Debug|x64.Build.0 = Debug|Any CPU
		{14FE8FF2-D38D-45A6-8D1C-937B7732BBC9}.Debug|x86.ActiveCfg = Debug|Any CPU
		{14FE8FF2-D38D-45A6-8D1C-937B7732BBC9}.Debug|x86.Build.0 = Debug|Any CPU
		{14FE8FF2-D38D-45A6-8D1C-937B7732BBC9}.Release|Any CPU.ActiveCfg = Release|Any CPU
		{14FE8FF2-D38D-45A6-8D1C-937B7732BBC9}.Release|Any CPU.Build.0 = Release|Any CPU
		{14FE8FF2-D38D-45A6-8D1C-937B7732BBC9}.Release|x64.ActiveCfg = Release|Any CPU
		{14FE8FF2-D38D-45A6-8D1C-937B7732BBC9}.Release|x64.Build.0 = Release|Any CPU
		{14FE8FF2-D38D-45A6-8D1C-937B7732BBC9}.Release|x86.ActiveCfg = Release|Any CPU
		{14FE8FF2-D38D-45A6-8D1C-937B7732BBC9}.Release|x86.Build.0 = Release|Any CPU
		{14D93A11-5AA6-4857-91D4-F400ADCEEB19}.Debug|Any CPU.ActiveCfg = Debug|Any CPU
		{14D93A11-5AA6-4857-91D4-F400ADCEEB19}.Debug|Any CPU.Build.0 = Debug|Any CPU
		{14D93A11-5AA6-4857-91D4-F400ADCEEB19}.Debug|x64.ActiveCfg = Debug|Any CPU
		{14D93A11-5AA6-4857-91D4-F400ADCEEB19}.Debug|x64.Build.0 = Debug|Any CPU
		{14D93A11-5AA6-4857-91D4-F400ADCEEB19}.Debug|x86.ActiveCfg = Debug|Any CPU
		{14D93A11-5AA6-4857-91D4-F400ADCEEB19}.Debug|x86.Build.0 = Debug|Any CPU
		{14D93A11-5AA6-4857-91D4-F400ADCEEB19}.Release|Any CPU.ActiveCfg = Release|Any CPU
		{14D93A11-5AA6-4857-91D4-F400ADCEEB19}.Release|Any CPU.Build.0 = Release|Any CPU
		{14D93A11-5AA6-4857-91D4-F400ADCEEB19}.Release|x64.ActiveCfg = Release|Any CPU
		{14D93A11-5AA6-4857-91D4-F400ADCEEB19}.Release|x64.Build.0 = Release|Any CPU
		{14D93A11-5AA6-4857-91D4-F400ADCEEB19}.Release|x86.ActiveCfg = Release|Any CPU
		{14D93A11-5AA6-4857-91D4-F400ADCEEB19}.Release|x86.Build.0 = Release|Any CPU
		{FFCB1DF3-4B64-4760-9BD3-0495A86FC157}.Debug|Any CPU.ActiveCfg = Debug|Any CPU
		{FFCB1DF3-4B64-4760-9BD3-0495A86FC157}.Debug|Any CPU.Build.0 = Debug|Any CPU
		{FFCB1DF3-4B64-4760-9BD3-0495A86FC157}.Debug|x64.ActiveCfg = Debug|Any CPU
		{FFCB1DF3-4B64-4760-9BD3-0495A86FC157}.Debug|x64.Build.0 = Debug|Any CPU
		{FFCB1DF3-4B64-4760-9BD3-0495A86FC157}.Debug|x86.ActiveCfg = Debug|Any CPU
		{FFCB1DF3-4B64-4760-9BD3-0495A86FC157}.Debug|x86.Build.0 = Debug|Any CPU
		{FFCB1DF3-4B64-4760-9BD3-0495A86FC157}.Release|Any CPU.ActiveCfg = Release|Any CPU
		{FFCB1DF3-4B64-4760-9BD3-0495A86FC157}.Release|Any CPU.Build.0 = Release|Any CPU
		{FFCB1DF3-4B64-4760-9BD3-0495A86FC157}.Release|x64.ActiveCfg = Release|Any CPU
		{FFCB1DF3-4B64-4760-9BD3-0495A86FC157}.Release|x64.Build.0 = Release|Any CPU
		{FFCB1DF3-4B64-4760-9BD3-0495A86FC157}.Release|x86.ActiveCfg = Release|Any CPU
		{FFCB1DF3-4B64-4760-9BD3-0495A86FC157}.Release|x86.Build.0 = Release|Any CPU
		{3D812A66-0B9F-4DBC-B01B-93AF118B4FCB}.Debug|Any CPU.ActiveCfg = Debug|Any CPU
		{3D812A66-0B9F-4DBC-B01B-93AF118B4FCB}.Debug|Any CPU.Build.0 = Debug|Any CPU
		{3D812A66-0B9F-4DBC-B01B-93AF118B4FCB}.Debug|x64.ActiveCfg = Debug|Any CPU
		{3D812A66-0B9F-4DBC-B01B-93AF118B4FCB}.Debug|x64.Build.0 = Debug|Any CPU
		{3D812A66-0B9F-4DBC-B01B-93AF118B4FCB}.Debug|x86.ActiveCfg = Debug|Any CPU
		{3D812A66-0B9F-4DBC-B01B-93AF118B4FCB}.Debug|x86.Build.0 = Debug|Any CPU
		{3D812A66-0B9F-4DBC-B01B-93AF118B4FCB}.Release|Any CPU.ActiveCfg = Release|Any CPU
		{3D812A66-0B9F-4DBC-B01B-93AF118B4FCB}.Release|Any CPU.Build.0 = Release|Any CPU
		{3D812A66-0B9F-4DBC-B01B-93AF118B4FCB}.Release|x64.ActiveCfg = Release|Any CPU
		{3D812A66-0B9F-4DBC-B01B-93AF118B4FCB}.Release|x64.Build.0 = Release|Any CPU
		{3D812A66-0B9F-4DBC-B01B-93AF118B4FCB}.Release|x86.ActiveCfg = Release|Any CPU
		{3D812A66-0B9F-4DBC-B01B-93AF118B4FCB}.Release|x86.Build.0 = Release|Any CPU
	EndGlobalSection
	GlobalSection(SolutionProperties) = preSolution
		HideSolutionNode = FALSE
	EndGlobalSection
	GlobalSection(NestedProjects) = preSolution
		{AD0A7701-42CB-4EA5-863E-6BF0131C1304} = {827E0CD3-B72D-47B6-A68D-7590B98EB39B}
		{0E03698E-D516-46B8-BCB9-DBFF40803169} = {827E0CD3-B72D-47B6-A68D-7590B98EB39B}
		{6A043ABC-C506-4E51-B082-FDF896F25E71} = {827E0CD3-B72D-47B6-A68D-7590B98EB39B}
		{3FC741E4-79EC-4BF5-B0AA-2A0D04FA8B20} = {827E0CD3-B72D-47B6-A68D-7590B98EB39B}
		{14FE8FF2-D38D-45A6-8D1C-937B7732BBC9} = {827E0CD3-B72D-47B6-A68D-7590B98EB39B}
		{14D93A11-5AA6-4857-91D4-F400ADCEEB19} = {0AB3BF05-4346-4AA6-1389-037BE0695223}
		{FFCB1DF3-4B64-4760-9BD3-0495A86FC157} = {0AB3BF05-4346-4AA6-1389-037BE0695223}
		{3D812A66-0B9F-4DBC-B01B-93AF118B4FCB} = {A957960D-03DB-433F-A1C6-3996567CB9FD}
	EndGlobalSection
EndGlobal
